Microsoft Visual Studio Solution File, Format Version 9.00
# Visual Studio 2005
Project("{8BC9CEB8-8B4A-11D0-8D11-00A0C91BC942}") = "tidylib", "tidylib\tidylib.vcproj", "{7E16A598-F9DB-46BB-968D-516430798E86}"
EndProject
Project("{8BC9CEB8-8B4A-11D0-8D11-00A0C91BC942}") = "tidy", "tidy\tidy.vcproj", "{3684C1DE-8768-4203-A9C7-A23C27D7E9A9}"
	ProjectSection(ProjectDependencies) = postProject
		{7E16A598-F9DB-46BB-968D-516430798E86} = {7E16A598-F9DB-46BB-968D-516430798E86}
	EndProjectSection
EndProject
Project("{FAE04EC0-301F-11D3-BF4B-00C04F79EFBC}") = "htodef", "htodef\htodef.csproj", "{300B612A-2256-443D-9552-678A55CB5CB7}"
EndProject
Global
	GlobalSection(SolutionConfigurationPlatforms) = preSolution
		Debug|Any CPU = Debug|Any CPU
		Debug|Mixed Platforms = Debug|Mixed Platforms
		Debug|Win32 = Debug|Win32
		Debug|x64 = Debug|x64
		Release - dll (fast)|Any CPU = Release - dll (fast)|Any CPU
		Release - dll (fast)|Mixed Platforms = Release - dll (fast)|Mixed Platforms
		Release - dll (fast)|Win32 = Release - dll (fast)|Win32
		Release - dll (fast)|x64 = Release - dll (fast)|x64
		Release - dll|Any CPU = Release - dll|Any CPU
		Release - dll|Mixed Platforms = Release - dll|Mixed Platforms
		Release - dll|Win32 = Release - dll|Win32
		Release - dll|x64 = Release - dll|x64
		Release (fast)|Any CPU = Release (fast)|Any CPU
		Release (fast)|Mixed Platforms = Release (fast)|Mixed Platforms
		Release (fast)|Win32 = Release (fast)|Win32
		Release (fast)|x64 = Release (fast)|x64
		Release|Any CPU = Release|Any CPU
		Release|Mixed Platforms = Release|Mixed Platforms
		Release|Win32 = Release|Win32
		Release|x64 = Release|x64
	EndGlobalSection
	GlobalSection(ProjectConfigurationPlatforms) = postSolution
		{7E16A598-F9DB-46BB-968D-516430798E86}.Debug|Any CPU.ActiveCfg = Debug|Win32
		{7E16A598-F9DB-46BB-968D-516430798E86}.Debug|Any CPU.Build.0 = Debug|Win32
		{7E16A598-F9DB-46BB-968D-516430798E86}.Debug|Mixed Platforms.ActiveCfg = Debug|Win32
		{7E16A598-F9DB-46BB-968D-516430798E86}.Debug|Mixed Platforms.Build.0 = Debug|Win32
		{7E16A598-F9DB-46BB-968D-516430798E86}.Debug|Win32.ActiveCfg = Debug|Win32
		{7E16A598-F9DB-46BB-968D-516430798E86}.Debug|Win32.Build.0 = Debug|Win32
		{7E16A598-F9DB-46BB-968D-516430798E86}.Debug|x64.ActiveCfg = Debug|x64
		{7E16A598-F9DB-46BB-968D-516430798E86}.Debug|x64.Build.0 = Debug|x64
		{7E16A598-F9DB-46BB-968D-516430798E86}.Release - dll (fast)|Any CPU.ActiveCfg = Release - dll (fast)|Win32
		{7E16A598-F9DB-46BB-968D-516430798E86}.Release - dll (fast)|Any CPU.Build.0 = Release - dll (fast)|Win32
		{7E16A598-F9DB-46BB-968D-516430798E86}.Release - dll (fast)|Mixed Platforms.ActiveCfg = Release - dll (fast)|Win32
		{7E16A598-F9DB-46BB-968D-516430798E86}.Release - dll (fast)|Mixed Platforms.Build.0 = Release - dll (fast)|Win32
		{7E16A598-F9DB-46BB-968D-516430798E86}.Release - dll (fast)|Win32.ActiveCfg = Release - dll (fast)|Win32
		{7E16A598-F9DB-46BB-968D-516430798E86}.Release - dll (fast)|Win32.Build.0 = Release - dll (fast)|Win32
		{7E16A598-F9DB-46BB-968D-516430798E86}.Release - dll (fast)|x64.ActiveCfg = Release - dll (fast)|x64
		{7E16A598-F9DB-46BB-968D-516430798E86}.Release - dll (fast)|x64.Build.0 = Release - dll (fast)|x64
		{7E16A598-F9DB-46BB-968D-516430798E86}.Release - dll|Any CPU.ActiveCfg = Release - dll|Win32
		{7E16A598-F9DB-46BB-968D-516430798E86}.Release - dll|Any CPU.Build.0 = Release - dll|Win32
		{7E16A598-F9DB-46BB-968D-516430798E86}.Release - dll|Mixed Platforms.ActiveCfg = Release - dll|Win32
		{7E16A598-F9DB-46BB-968D-516430798E86}.Release - dll|Mixed Platforms.Build.0 = Release - dll|Win32
		{7E16A598-F9DB-46BB-968D-516430798E86}.Release - dll|Win32.ActiveCfg = Release - dll|Win32
		{7E16A598-F9DB-46BB-968D-516430798E86}.Release - dll|Win32.Build.0 = Release - dll|Win32
		{7E16A598-F9DB-46BB-968D-516430798E86}.Release - dll|x64.ActiveCfg = Release - dll|x64
		{7E16A598-F9DB-46BB-968D-516430798E86}.Release - dll|x64.Build.0 = Release - dll|x64
		{7E16A598-F9DB-46BB-968D-516430798E86}.Release (fast)|Any CPU.ActiveCfg = Release (fast)|Win32
		{7E16A598-F9DB-46BB-968D-516430798E86}.Release (fast)|Any CPU.Build.0 = Release (fast)|Win32
		{7E16A598-F9DB-46BB-968D-516430798E86}.Release (fast)|Mixed Platforms.ActiveCfg = Release (fast)|Win32
		{7E16A598-F9DB-46BB-968D-516430798E86}.Release (fast)|Mixed Platforms.Build.0 = Release (fast)|Win32
		{7E16A598-F9DB-46BB-968D-516430798E86}.Release (fast)|Win32.ActiveCfg = Release (fast)|Win32
		{7E16A598-F9DB-46BB-968D-516430798E86}.Release (fast)|Win32.Build.0 = Release (fast)|Win32
		{7E16A598-F9DB-46BB-968D-516430798E86}.Release (fast)|x64.ActiveCfg = Release (fast)|x64
		{7E16A598-F9DB-46BB-968D-516430798E86}.Release (fast)|x64.Build.0 = Release (fast)|x64
		{7E16A598-F9DB-46BB-968D-516430798E86}.Release|Any CPU.ActiveCfg = Release|Win32
		{7E16A598-F9DB-46BB-968D-516430798E86}.Release|Any CPU.Build.0 = Release|Win32
		{7E16A598-F9DB-46BB-968D-516430798E86}.Release|Mixed Platforms.ActiveCfg = Release|Win32
		{7E16A598-F9DB-46BB-968D-516430798E86}.Release|Mixed Platforms.Build.0 = Release|Win32
		{7E16A598-F9DB-46BB-968D-516430798E86}.Release|Win32.ActiveCfg = Release|Win32
		{7E16A598-F9DB-46BB-968D-516430798E86}.Release|Win32.Build.0 = Release|Win32
		{7E16A598-F9DB-46BB-968D-516430798E86}.Release|x64.ActiveCfg = Release|x64
		{7E16A598-F9DB-46BB-968D-516430798E86}.Release|x64.Build.0 = Release|x64
		{3684C1DE-8768-4203-A9C7-A23C27D7E9A9}.Debug|Any CPU.ActiveCfg = Debug|Win32
		{3684C1DE-8768-4203-A9C7-A23C27D7E9A9}.Debug|Any CPU.Build.0 = Debug|Win32
		{3684C1DE-8768-4203-A9C7-A23C27D7E9A9}.Debug|Mixed Platforms.ActiveCfg = Debug|Win32
		{3684C1DE-8768-4203-A9C7-A23C27D7E9A9}.Debug|Mixed Platforms.Build.0 = Debug|Win32
		{3684C1DE-8768-4203-A9C7-A23C27D7E9A9}.Debug|Win32.ActiveCfg = Debug|Win32
		{3684C1DE-8768-4203-A9C7-A23C27D7E9A9}.Debug|Win32.Build.0 = Debug|Win32
		{3684C1DE-8768-4203-A9C7-A23C27D7E9A9}.Debug|x64.ActiveCfg = Debug|x64
		{3684C1DE-8768-4203-A9C7-A23C27D7E9A9}.Debug|x64.Build.0 = Debug|x64
		{3684C1DE-8768-4203-A9C7-A23C27D7E9A9}.Release - dll (fast)|Any CPU.ActiveCfg = Release - dll (fast)|Win32
		{3684C1DE-8768-4203-A9C7-A23C27D7E9A9}.Release - dll (fast)|Mixed Platforms.ActiveCfg = Release - dll (fast)|Win32
		{3684C1DE-8768-4203-A9C7-A23C27D7E9A9}.Release - dll (fast)|Mixed Platforms.Build.0 = Release - dll (fast)|Win32
		{3684C1DE-8768-4203-A9C7-A23C27D7E9A9}.Release - dll (fast)|Win32.ActiveCfg = Release - dll (fast)|Win32
		{3684C1DE-8768-4203-A9C7-A23C27D7E9A9}.Release - dll (fast)|x64.ActiveCfg = Release - dll (fast)|x64
		{3684C1DE-8768-4203-A9C7-A23C27D7E9A9}.Release - dll|Any CPU.ActiveCfg = Release - dll|Win32
		{3684C1DE-8768-4203-A9C7-A23C27D7E9A9}.Release - dll|Mixed Platforms.ActiveCfg = Release - dll|Win32
		{3684C1DE-8768-4203-A9C7-A23C27D7E9A9}.Release - dll|Mixed Platforms.Build.0 = Release - dll|Win32
		{3684C1DE-8768-4203-A9C7-A23C27D7E9A9}.Release - dll|Win32.ActiveCfg = Release - dll|Win32
		{3684C1DE-8768-4203-A9C7-A23C27D7E9A9}.Release - dll|x64.ActiveCfg = Release - dll|x64
		{3684C1DE-8768-4203-A9C7-A23C27D7E9A9}.Release (fast)|Any CPU.ActiveCfg = Release (fast)|Win32
		{3684C1DE-8768-4203-A9C7-A23C27D7E9A9}.Release (fast)|Any CPU.Build.0 = Release (fast)|Win32
		{3684C1DE-8768-4203-A9C7-A23C27D7E9A9}.Release (fast)|Mixed Platforms.ActiveCfg = Release (fast)|Win32
		{3684C1DE-8768-4203-A9C7-A23C27D7E9A9}.Release (fast)|Mixed Platforms.Build.0 = Release (fast)|Win32
		{3684C1DE-8768-4203-A9C7-A23C27D7E9A9}.Release (fast)|Win32.ActiveCfg = Release (fast)|Win32
		{3684C1DE-8768-4203-A9C7-A23C27D7E9A9}.Release (fast)|Win32.Build.0 = Release (fast)|Win32
		{3684C1DE-8768-4203-A9C7-A23C27D7E9A9}.Release (fast)|x64.ActiveCfg = Release (fast)|x64
		{3684C1DE-8768-4203-A9C7-A23C27D7E9A9}.Release (fast)|x64.Build.0 = Release (fast)|x64
		{3684C1DE-8768-4203-A9C7-A23C27D7E9A9}.Release|Any CPU.ActiveCfg = Release|Win32
		{3684C1DE-8768-4203-A9C7-A23C27D7E9A9}.Release|Any CPU.Build.0 = Release|Win32
		{3684C1DE-8768-4203-A9C7-A23C27D7E9A9}.Release|Mixed Platforms.ActiveCfg = Release|Win32
		{3684C1DE-8768-4203-A9C7-A23C27D7E9A9}.Release|Mixed Platforms.Build.0 = Release|Win32
		{3684C1DE-8768-4203-A9C7-A23C27D7E9A9}.Release|Win32.ActiveCfg = Release|Win32
		{3684C1DE-8768-4203-A9C7-A23C27D7E9A9}.Release|Win32.Build.0 = Release|Win32
		{3684C1DE-8768-4203-A9C7-A23C27D7E9A9}.Release|x64.ActiveCfg = Release|x64
		{3684C1DE-8768-4203-A9C7-A23C27D7E9A9}.Release|x64.Build.0 = Release|x64
		{300B612A-2256-443D-9552-678A55CB5CB7}.Debug|Any CPU.ActiveCfg = Debug|Any CPU
		{300B612A-2256-443D-9552-678A55CB5CB7}.Debug|Mixed Platforms.ActiveCfg = Debug|Any CPU
		{300B612A-2256-443D-9552-678A55CB5CB7}.Debug|Win32.ActiveCfg = Debug|Any CPU
		{300B612A-2256-443D-9552-678A55CB5CB7}.Debug|x64.ActiveCfg = Debug|x64
		{300B612A-2256-443D-9552-678A55CB5CB7}.Release - dll (fast)|Any CPU.ActiveCfg = Release|Any CPU
		{300B612A-2256-443D-9552-678A55CB5CB7}.Release - dll (fast)|Mixed Platforms.ActiveCfg = Release|Any CPU
		{300B612A-2256-443D-9552-678A55CB5CB7}.Release - dll (fast)|Win32.ActiveCfg = Release|Any CPU
		{300B612A-2256-443D-9552-678A55CB5CB7}.Release - dll (fast)|x64.ActiveCfg = Release|x64
		{300B612A-2256-443D-9552-678A55CB5CB7}.Release - dll|Any CPU.ActiveCfg = Release|Any CPU
		{300B612A-2256-443D-9552-678A55CB5CB7}.Release - dll|Mixed Platforms.ActiveCfg = Release|Any CPU
		{300B612A-2256-443D-9552-678A55CB5CB7}.Release - dll|Win32.ActiveCfg = Release|Any CPU
		{300B612A-2256-443D-9552-678A55CB5CB7}.Release - dll|x64.ActiveCfg = Release|x64
		{300B612A-2256-443D-9552-678A55CB5CB7}.Release (fast)|Any CPU.ActiveCfg = Release|Any CPU
		{300B612A-2256-443D-9552-678A55CB5CB7}.Release (fast)|Mixed Platforms.ActiveCfg = Release|Any CPU
		{300B612A-2256-443D-9552-678A55CB5CB7}.Release (fast)|Win32.ActiveCfg = Release|Any CPU
		{300B612A-2256-443D-9552-678A55CB5CB7}.Release (fast)|x64.ActiveCfg = Release|x64
		{300B612A-2256-443D-9552-678A55CB5CB7}.Release|Any CPU.ActiveCfg = Release|Any CPU
		{300B612A-2256-443D-9552-678A55CB5CB7}.Release|Mixed Platforms.ActiveCfg = Release|Any CPU
		{300B612A-2256-443D-9552-678A55CB5CB7}.Release|Win32.ActiveCfg = Release|Any CPU
		{300B612A-2256-443D-9552-678A55CB5CB7}.Release|x64.ActiveCfg = Release|x64
	EndGlobalSection
	GlobalSection(SolutionProperties) = preSolution
		HideSolutionNode = FALSE
	EndGlobalSection
EndGlobal
